# This file is automatically @generated by Cargo.
# It is not intended for manual editing.
version = 4

[[package]]
name = "bitfield"
version = "0.12.0"
source = "registry+https://github.com/rust-lang/crates.io-index"
checksum = "eb988c10184429ae27919881dd9ce0298b87557d12c508e664353eafb336580e"

[[package]]
name = "bitflags"
version = "0.7.0"
source = "registry+https://github.com/rust-lang/crates.io-index"
checksum = "aad18937a628ec6abcd26d1489012cc0e18c21798210f491af69ded9b881106d"

[[package]]
name = "either"
version = "1.1.0"
source = "registry+https://github.com/rust-lang/crates.io-index"
checksum = "18785c1ba806c258137c937e44ada9ee7e69a37e3c72077542cd2f069d78562a"

[[package]]
name = "fuchsia-zircon"
version = "0.2.1"
source = "registry+https://github.com/rust-lang/crates.io-index"
checksum = "f6c0581a4e363262e52b87f59ee2afe3415361c6ec35e665924eb08afe8ff159"
dependencies = [
 "fuchsia-zircon-sys",
]

[[package]]
name = "fuchsia-zircon-sys"
version = "0.2.0"
source = "registry+https://github.com/rust-lang/crates.io-index"
checksum = "43f3795b4bae048dc6123a6b972cadde2e676f9ded08aef6bb77f5f157684a82"
dependencies = [
 "bitflags",
]

[[package]]
name = "itertools"
version = "0.6.1"
source = "registry+https://github.com/rust-lang/crates.io-index"
checksum = "e58359414720377f59889192f1ec0e726049ce5735bc21fdb0c4c8ae638305bb"
dependencies = [
 "either",
]

[[package]]
name = "libc"
version = "0.2.24"
source = "registry+https://github.com/rust-lang/crates.io-index"
checksum = "38f5c2b18a287cf78b4097db62e20f43cace381dc76ae5c0a3073067f78b7ddc"

[[package]]
name = "nes"
version = "0.1.0"
dependencies = [
 "bitfield",
 "itertools",
 "rand",
 "time",
]

[[package]]
name = "rand"
version = "0.3.17"
source = "registry+https://github.com/rust-lang/crates.io-index"
checksum = "61efcbcd9fa8d8fbb07c84e34a8af18a1ff177b449689ad38a6e9457ecc7b2ae"
dependencies = [
 "fuchsia-zircon",
 "libc",
]

[[package]]
name = "redox_syscall"
version = "0.1.37"
source = "registry+https://github.com/rust-lang/crates.io-index"
checksum = "0d92eecebad22b767915e4d529f89f28ee96dbbf5a4810d2b844373f136417fd"

[[package]]
name = "time"
version = "0.1.39"
source = "registry+https://github.com/rust-lang/crates.io-index"
checksum = "a15375f1df02096fb3317256ce2cee6a1f42fc84ea5ad5fc8c421cfe40c73098"
dependencies = [
 "libc",
 "redox_syscall",
 "winapi",
]

[[package]]
name = "winapi"
version = "0.3.3"
source = "registry+https://github.com/rust-lang/crates.io-index"
checksum = "b09fb3b6f248ea4cd42c9a65113a847d612e17505d6ebd1f7357ad68a8bf8693"
dependencies = [
 "winapi-i686-pc-windows-gnu",
 "winapi-x86_64-pc-windows-gnu",
]

[[package]]
name = "winapi-i686-pc-windows-gnu"
version = "0.3.2"
source = "registry+https://github.com/rust-lang/crates.io-index"
checksum = "ec6667f60c23eca65c561e63a13d81b44234c2e38a6b6c959025ee907ec614cc"

[[package]]
name = "winapi-x86_64-pc-windows-gnu"
version = "0.3.2"
source = "registry+https://github.com/rust-lang/crates.io-index"
checksum = "98f12c52b2630cd05d2c3ffd8e008f7f48252c042b4871c72aed9dc733b96668"
